
Microsoft Visual Studio Solution File, Format Version 12.00
# Visual Studio 15
VisualStudioVersion = 15.0.27004.2005
MinimumVisualStudioVersion = 10.0.40219.1
Project("{FAE04EC0-301F-11D3-BF4B-00C04F79EFBC}") = "AzurePractice", "AzurePractice\AzurePractice.csproj", "{74ACABA3-59F8-4EE4-92FC-F766CF907CC5}"
EndProject
Global
	GlobalSection(SolutionConfigurationPlatforms) = preSolution
		Debug|Any CPU = Debug|Any CPU
		Release|Any CPU = Release|Any CPU
	EndGlobalSection
	GlobalSection(ProjectConfigurationPlatforms) = postSolution
		{74ACABA3-59F8-4EE4-92FC-F766CF907CC5}.Debug|Any CPU.ActiveCfg = Debug|Any CPU
		{74ACABA3-59F8-4EE4-92FC-F766CF907CC5}.Debug|Any CPU.Build.0 = Debug|Any CPU
		{74ACABA3-59F8-4EE4-92FC-F766CF907CC5}.Release|Any CPU.ActiveCfg = Release|Any CPU
		{74ACABA3-59F8-4EE4-92FC-F766CF907CC5}.Release|Any CPU.Build.0 = Release|Any CPU
	EndGlobalSection
	GlobalSection(SolutionProperties) = preSolution
		HideSolutionNode = FALSE
	EndGlobalSection
	GlobalSection(ExtensibilityGlobals) = postSolution
		SolutionGuid = {FBE661F1-5373-4141-A7E4-F140BAFB9DEE}
	EndGlobalSection
EndGlobal
